version = 1
requires-python = ">=3.12"

[[package]]
name = "auto-joystick"
version = "0.1.0"
source = { virtual = "." }
dependencies = [
    { name = "vgamepad" },
]

[package.metadata]
requires-dist = [{ name = "vgamepad", specifier = ">=0.1.0" }]

[[package]]
name = "vgamepad"
version = "0.1.0"
source = { registry = "https://pypi.org/simple" }
sdist = { url = "https://files.pythonhosted.org/packages/8a/54/0eaddc33f84247963af078f364b37153d09fcd6cdc398f243ec3e8842c56/vgamepad-0.1.0.tar.gz", hash = "sha256:57f6bd01aec0c172947517fb782d150ef9b285f7f4d524c317374fa5c24a89de", size = 1174896 }
